
Microsoft Visual Studio Solution File, Format Version 12.00
# Visual Studio Version 17
VisualStudioVersion = 17.8.34511.84
MinimumVisualStudioVersion = 10.0.40219.1
Project("{FAE04EC0-301F-11D3-BF4B-00C04F79EFBC}") = "ConsoleApp6", "ConsoleApp6.csproj", "{36C4BB45-B811-4E71-ABDA-87794C11AA4A}"
EndProject
Global
	GlobalSection(SolutionConfigurationPlatforms) = preSolution
		Debug|Any CPU = Debug|Any CPU
		Release|Any CPU = Release|Any CPU
	EndGlobalSection
	GlobalSection(ProjectConfigurationPlatforms) = postSolution
		{36C4BB45-B811-4E71-ABDA-87794C11AA4A}.Debug|Any CPU.ActiveCfg = Debug|Any CPU
		{36C4BB45-B811-4E71-ABDA-87794C11AA4A}.Debug|Any CPU.Build.0 = Debug|Any CPU
		{36C4BB45-B811-4E71-ABDA-87794C11AA4A}.Release|Any CPU.ActiveCfg = Release|Any CPU
		{36C4BB45-B811-4E71-ABDA-87794C11AA4A}.Release|Any CPU.Build.0 = Release|Any CPU
	EndGlobalSection
	GlobalSection(SolutionProperties) = preSolution
		HideSolutionNode = FALSE
	EndGlobalSection
	GlobalSection(ExtensibilityGlobals) = postSolution
		SolutionGuid = {B799FEDF-20F2-4675-800B-9445EBBF7FDD}
	EndGlobalSection
EndGlobal
